
Microsoft Visual Studio Solution File, Format Version 12.00
# Visual Studio 15
Project("{FAE04EC0-301F-11D3-BF4B-00C04F79EFBC}") = "Invoice", "Invoice\Invoice.csproj", "{739DBAAE-3969-49B1-9585-9B499CED9A42}"
EndProject
Project("{FAE04EC0-301F-11D3-BF4B-00C04F79EFBC}") = "Invoice.Data", "Invoice.Data\Invoice.Data.csproj", "{F222BE76-2571-40E4-BA7E-BD844CE2D1F6}"
EndProject
Project("{FAE04EC0-301F-11D3-BF4B-00C04F79EFBC}") = "Invoice.Services", "Invoice.Services\Invoice.Services.csproj", "{BCFEA11D-738F-4858-A1EF-A9E659F8ED66}"
EndProject
Project("{FAE04EC0-301F-11D3-BF4B-00C04F79EFBC}") = "Invoice.Repository", "Invoice.Repository\Invoice.Repository.csproj", "{FCDCD265-8BE3-4ED6-B1A9-6384E89864FB}"
EndProject
Global
	GlobalSection(SolutionConfigurationPlatforms) = preSolution
		Debug|Any CPU = Debug|Any CPU
		Release|Any CPU = Release|Any CPU
	EndGlobalSection
	GlobalSection(ProjectConfigurationPlatforms) = postSolution
		{739DBAAE-3969-49B1-9585-9B499CED9A42}.Debug|Any CPU.ActiveCfg = Debug|Any CPU
		{739DBAAE-3969-49B1-9585-9B499CED9A42}.Debug|Any CPU.Build.0 = Debug|Any CPU
		{739DBAAE-3969-49B1-9585-9B499CED9A42}.Release|Any CPU.ActiveCfg = Release|Any CPU
		{739DBAAE-3969-49B1-9585-9B499CED9A42}.Release|Any CPU.Build.0 = Release|Any CPU
		{F222BE76-2571-40E4-BA7E-BD844CE2D1F6}.Debug|Any CPU.ActiveCfg = Debug|Any CPU
		{F222BE76-2571-40E4-BA7E-BD844CE2D1F6}.Debug|Any CPU.Build.0 = Debug|Any CPU
		{F222BE76-2571-40E4-BA7E-BD844CE2D1F6}.Release|Any CPU.ActiveCfg = Release|Any CPU
		{F222BE76-2571-40E4-BA7E-BD844CE2D1F6}.Release|Any CPU.Build.0 = Release|Any CPU
		{BCFEA11D-738F-4858-A1EF-A9E659F8ED66}.Debug|Any CPU.ActiveCfg = Debug|Any CPU
		{BCFEA11D-738F-4858-A1EF-A9E659F8ED66}.Debug|Any CPU.Build.0 = Debug|Any CPU
		{BCFEA11D-738F-4858-A1EF-A9E659F8ED66}.Release|Any CPU.ActiveCfg = Release|Any CPU
		{BCFEA11D-738F-4858-A1EF-A9E659F8ED66}.Release|Any CPU.Build.0 = Release|Any CPU
		{FCDCD265-8BE3-4ED6-B1A9-6384E89864FB}.Debug|Any CPU.ActiveCfg = Debug|Any CPU
		{FCDCD265-8BE3-4ED6-B1A9-6384E89864FB}.Debug|Any CPU.Build.0 = Debug|Any CPU
		{FCDCD265-8BE3-4ED6-B1A9-6384E89864FB}.Release|Any CPU.ActiveCfg = Release|Any CPU
		{FCDCD265-8BE3-4ED6-B1A9-6384E89864FB}.Release|Any CPU.Build.0 = Release|Any CPU
	EndGlobalSection
EndGlobal
